// !$*UTF8*$!
{
	archiveVersion = 1;
	classes = {
	};
	objectVersion = 55;
	objects = {

/* Begin PBXBuildFile section */
		3F2882E327F15B950003F5F7 /* AppDelegate.swift in Sources */ = {isa = PBXBuildFile; fileRef = 3F2882E227F15B950003F5F7 /* AppDelegate.swift */; };
		3F2882E727F15B950003F5F7 /* LoginViewController.swift in Sources */ = {isa = PBXBuildFile; fileRef = 3F2882E627F15B950003F5F7 /* LoginViewController.swift */; };
		3F2882EC27F15B970003F5F7 /* Assets.xcassets in Resources */ = {isa = PBXBuildFile; fileRef = 3F2882EB27F15B970003F5F7 /* Assets.xcassets */; };
		3F2882EF27F15B970003F5F7 /* LaunchScreen.storyboard in Resources */ = {isa = PBXBuildFile; fileRef = 3F2882ED27F15B970003F5F7 /* LaunchScreen.storyboard */; };
		3F5355B3281A2AA900E2E0B9 /* DummyViewController.swift in Sources */ = {isa = PBXBuildFile; fileRef = 3F5355B2281A2AA900E2E0B9 /* DummyViewController.swift */; };
		3F56352C27F8EAF40035622D /* OnboardingContainerViewController.swift in Sources */ = {isa = PBXBuildFile; fileRef = 3F56352B27F8EAF40035622D /* OnboardingContainerViewController.swift */; };
		3F694D0C281B0DDE00763A20 /* UIViewController+Utils.swift in Sources */ = {isa = PBXBuildFile; fileRef = 3F694D0B281B0DDE00763A20 /* UIViewController+Utils.swift */; };
		3F694D0E281B0FCF00763A20 /* MainViewController.swift in Sources */ = {isa = PBXBuildFile; fileRef = 3F694D0D281B0FCF00763A20 /* MainViewController.swift */; };
		3FA6D41C28089BDE00490DF1 /* OnboardingViewController.swift in Sources */ = {isa = PBXBuildFile; fileRef = 3FA6D41B28089BDE00490DF1 /* OnboardingViewController.swift */; };
		3FAF40D727F1655A00D49881 /* LoginView.swift in Sources */ = {isa = PBXBuildFile; fileRef = 3FAF40D627F1655A00D49881 /* LoginView.swift */; };
		3FBCB24C281E00DC00A5470D /* AccountSummaryViewController.swift in Sources */ = {isa = PBXBuildFile; fileRef = 3FBCB24B281E00DC00A5470D /* AccountSummaryViewController.swift */; };
		3FFE57E4281A3627000E5A1E /* LocalState.swift in Sources */ = {isa = PBXBuildFile; fileRef = 3FFE57E3281A3627000E5A1E /* LocalState.swift */; };
/* End PBXBuildFile section */

/* Begin PBXFileReference section */
		3F2882DF27F15B950003F5F7 /* Bankey.app */ = {isa = PBXFileReference; explicitFileType = wrapper.application; includeInIndex = 0; path = Bankey.app; sourceTree = BUILT_PRODUCTS_DIR; };
		3F2882E227F15B950003F5F7 /* AppDelegate.swift */ = {isa = PBXFileReference; lastKnownFileType = sourcecode.swift; path = AppDelegate.swift; sourceTree = "<group>"; };
		3F2882E627F15B950003F5F7 /* LoginViewController.swift */ = {isa = PBXFileReference; lastKnownFileType = sourcecode.swift; path = LoginViewController.swift; sourceTree = "<group>"; };
		3F2882EB27F15B970003F5F7 /* Assets.xcassets */ = {isa = PBXFileReference; lastKnownFileType = folder.assetcatalog; path = Assets.xcassets; sourceTree = "<group>"; };
		3F2882EE27F15B970003F5F7 /* Base */ = {isa = PBXFileReference; lastKnownFileType = file.storyboard; name = Base; path = Base.lproj/LaunchScreen.storyboard; sourceTree = "<group>"; };
		3F2882F027F15B970003F5F7 /* Info.plist */ = {isa = PBXFileReference; lastKnownFileType = text.plist.xml; path = Info.plist; sourceTree = "<group>"; };
		3F5355B2281A2AA900E2E0B9 /* DummyViewController.swift */ = {isa = PBXFileReference; lastKnownFileType = sourcecode.swift; path = DummyViewController.swift; sourceTree = "<group>"; };
		3F56352B27F8EAF40035622D /* OnboardingContainerViewController.swift */ = {isa = PBXFileReference; lastKnownFileType = sourcecode.swift; path = OnboardingContainerViewController.swift; sourceTree = "<group>"; };
		3F694D0B281B0DDE00763A20 /* UIViewController+Utils.swift */ = {isa = PBXFileReference; lastKnownFileType = sourcecode.swift; path = "UIViewController+Utils.swift"; sourceTree = "<group>"; };
		3F694D0D281B0FCF00763A20 /* MainViewController.swift */ = {isa = PBXFileReference; lastKnownFileType = sourcecode.swift; path = MainViewController.swift; sourceTree = "<group>"; };
		3FA6D41B28089BDE00490DF1 /* OnboardingViewController.swift */ = {isa = PBXFileReference; lastKnownFileType = sourcecode.swift; path = OnboardingViewController.swift; sourceTree = "<group>"; };
		3FAF40D627F1655A00D49881 /* LoginView.swift */ = {isa = PBXFileReference; lastKnownFileType = sourcecode.swift; path = LoginView.swift; sourceTree = "<group>"; };
		3FBCB24B281E00DC00A5470D /* AccountSummaryViewController.swift */ = {isa = PBXFileReference; lastKnownFileType = sourcecode.swift; path = AccountSummaryViewController.swift; sourceTree = "<group>"; };
		3FFE57E3281A3627000E5A1E /* LocalState.swift */ = {isa = PBXFileReference; lastKnownFileType = sourcecode.swift; path = LocalState.swift; sourceTree = "<group>"; };
/* End PBXFileReference section */

/* Begin PBXFrameworksBuildPhase section */
		3F2882DC27F15B950003F5F7 /* Frameworks */ = {
			isa = PBXFrameworksBuildPhase;
			buildActionMask = 2147483647;
			files = (
			);
			runOnlyForDeploymentPostprocessing = 0;
		};
/* End PBXFrameworksBuildPhase section */

/* Begin PBXGroup section */
		3F2882D627F15B950003F5F7 = {
			isa = PBXGroup;
			children = (
				3F2882E127F15B950003F5F7 /* Bankey */,
				3F2882E027F15B950003F5F7 /* Products */,
			);
			sourceTree = "<group>";
		};
		3F2882E027F15B950003F5F7 /* Products */ = {
			isa = PBXGroup;
			children = (
				3F2882DF27F15B950003F5F7 /* Bankey.app */,
			);
			name = Products;
			sourceTree = "<group>";
		};
		3F2882E127F15B950003F5F7 /* Bankey */ = {
			isa = PBXGroup;
			children = (
				3F2882E227F15B950003F5F7 /* AppDelegate.swift */,
				3F694D0D281B0FCF00763A20 /* MainViewController.swift */,
				3FAF40D427F1651700D49881 /* Login */,
				3F56352A27F8EAAB0035622D /* Onboarding */,
				3FBCB24A281DFFE200A5470D /* AccountSummary */,
				3FAF40D527F1652900D49881 /* Files */,
				3FFE57E2281A35FC000E5A1E /* Utils */,
			);
			path = Bankey;
			sourceTree = "<group>";
		};
		3F56352A27F8EAAB0035622D /* Onboarding */ = {
			isa = PBXGroup;
			children = (
				3F56352B27F8EAF40035622D /* OnboardingContainerViewController.swift */,
				3FA6D41B28089BDE00490DF1 /* OnboardingViewController.swift */,
			);
			name = Onboarding;
			sourceTree = "<group>";
		};
		3FAF40D427F1651700D49881 /* Login */ = {
			isa = PBXGroup;
			children = (
				3F2882E627F15B950003F5F7 /* LoginViewController.swift */,
				3FAF40D627F1655A00D49881 /* LoginView.swift */,
				3F5355B2281A2AA900E2E0B9 /* DummyViewController.swift */,
			);
			name = Login;
			sourceTree = "<group>";
		};
		3FAF40D527F1652900D49881 /* Files */ = {
			isa = PBXGroup;
			children = (
				3F2882EB27F15B970003F5F7 /* Assets.xcassets */,
				3F2882ED27F15B970003F5F7 /* LaunchScreen.storyboard */,
				3F2882F027F15B970003F5F7 /* Info.plist */,
			);
			name = Files;
			sourceTree = "<group>";
		};
		3FBCB24A281DFFE200A5470D /* AccountSummary */ = {
			isa = PBXGroup;
			children = (
				3FBCB24B281E00DC00A5470D /* AccountSummaryViewController.swift */,
			);
			name = AccountSummary;
			sourceTree = "<group>";
		};
		3FFE57E2281A35FC000E5A1E /* Utils */ = {
			isa = PBXGroup;
			children = (
				3FFE57E3281A3627000E5A1E /* LocalState.swift */,
				3F694D0B281B0DDE00763A20 /* UIViewController+Utils.swift */,
			);
			name = Utils;
			sourceTree = "<group>";
		};
/* End PBXGroup section */

/* Begin PBXNativeTarget section */
		3F2882DE27F15B950003F5F7 /* Bankey */ = {
			isa = PBXNativeTarget;
			buildConfigurationList = 3F2882F327F15B970003F5F7 /* Build configuration list for PBXNativeTarget "Bankey" */;
			buildPhases = (
				3F2882DB27F15B950003F5F7 /* Sources */,
				3F2882DC27F15B950003F5F7 /* Frameworks */,
				3F2882DD27F15B950003F5F7 /* Resources */,
			);
			buildRules = (
			);
			dependencies = (
			);
			name = Bankey;
			productName = Bankey;
			productReference = 3F2882DF27F15B950003F5F7 /* Bankey.app */;
			productType = "com.apple.product-type.application";
		};
/* End PBXNativeTarget section */

/* Begin PBXProject section */
		3F2882D727F15B950003F5F7 /* Project object */ = {
			isa = PBXProject;
			attributes = {
				BuildIndependentTargetsInParallel = 1;
				LastSwiftUpdateCheck = 1300;
				LastUpgradeCheck = 1300;
				TargetAttributes = {
					3F2882DE27F15B950003F5F7 = {
						CreatedOnToolsVersion = 13.0;
					};
				};
			};
			buildConfigurationList = 3F2882DA27F15B950003F5F7 /* Build configuration list for PBXProject "Bankey" */;
			compatibilityVersion = "Xcode 13.0";
			developmentRegion = en;
			hasScannedForEncodings = 0;
			knownRegions = (
				en,
				Base,
			);
			mainGroup = 3F2882D627F15B950003F5F7;
			productRefGroup = 3F2882E027F15B950003F5F7 /* Products */;
			projectDirPath = "";
			projectRoot = "";
			targets = (
				3F2882DE27F15B950003F5F7 /* Bankey */,
			);
		};
/* End PBXProject section */

/* Begin PBXResourcesBuildPhase section */
		3F2882DD27F15B950003F5F7 /* Resources */ = {
			isa = PBXResourcesBuildPhase;
			buildActionMask = 2147483647;
			files = (
				3F2882EF27F15B970003F5F7 /* LaunchScreen.storyboard in Resources */,
				3F2882EC27F15B970003F5F7 /* Assets.xcassets in Resources */,
			);
			runOnlyForDeploymentPostprocessing = 0;
		};
/* End PBXResourcesBuildPhase section */

/* Begin PBXSourcesBuildPhase section */
		3F2882DB27F15B950003F5F7 /* Sources */ = {
			isa = PBXSourcesBuildPhase;
			buildActionMask = 2147483647;
			files = (
				3F694D0C281B0DDE00763A20 /* UIViewController+Utils.swift in Sources */,
				3FAF40D727F1655A00D49881 /* LoginView.swift in Sources */,
				3FFE57E4281A3627000E5A1E /* LocalState.swift in Sources */,
				3F5355B3281A2AA900E2E0B9 /* DummyViewController.swift in Sources */,
				3F2882E727F15B950003F5F7 /* LoginViewController.swift in Sources */,
				3FA6D41C28089BDE00490DF1 /* OnboardingViewController.swift in Sources */,
				3F694D0E281B0FCF00763A20 /* MainViewController.swift in Sources */,
				3FBCB24C281E00DC00A5470D /* AccountSummaryViewController.swift in Sources */,
				3F2882E327F15B950003F5F7 /* AppDelegate.swift in Sources */,
				3F56352C27F8EAF40035622D /* OnboardingContainerViewController.swift in Sources */,
			);
			runOnlyForDeploymentPostprocessing = 0;
		};
/* End PBXSourcesBuildPhase section */

/* Begin PBXVariantGroup section */
		3F2882ED27F15B970003F5F7 /* LaunchScreen.storyboard */ = {
			isa = PBXVariantGroup;
			children = (
				3F2882EE27F15B970003F5F7 /* Base */,
			);
			name = LaunchScreen.storyboard;
			sourceTree = "<group>";
		};
/* End PBXVariantGroup section */

/* Begin XCBuildConfiguration section */
		3F2882F127F15B970003F5F7 /* Debug */ = {
			isa = XCBuildConfiguration;
			buildSettings = {
				ALWAYS_SEARCH_USER_PATHS = NO;
				CLANG_ANALYZER_NONNULL = YES;
				CLANG_ANALYZER_NUMBER_OBJECT_CONVERSION = YES_AGGRESSIVE;
				CLANG_CXX_LANGUAGE_STANDARD = "gnu++17";
				CLANG_CXX_LIBRARY = "libc++";
				CLANG_ENABLE_MODULES = YES;
				CLANG_ENABLE_OBJC_ARC = YES;
				CLANG_ENABLE_OBJC_WEAK = YES;
				CLANG_WARN_BLOCK_CAPTURE_AUTORELEASING = YES;
				CLANG_WARN_BOOL_CONVERSION = YES;
				CLANG_WARN_COMMA = YES;
				CLANG_WARN_CONSTANT_CONVERSION = YES;
				CLANG_WARN_DEPRECATED_OBJC_IMPLEMENTATIONS = YES;
				CLANG_WARN_DIRECT_OBJC_ISA_USAGE = YES_ERROR;
				CLANG_WARN_DOCUMENTATION_COMMENTS = YES;
				CLANG_WARN_EMPTY_BODY = YES;
				CLANG_WARN_ENUM_CONVERSION = YES;
				CLANG_WARN_INFINITE_RECURSION = YES;
				CLANG_WARN_INT_CONVERSION = YES;
				CLANG_WARN_NON_LITERAL_NULL_CONVERSION = YES;
				CLANG_WARN_OBJC_IMPLICIT_RETAIN_SELF = YES;
				CLANG_WARN_OBJC_LITERAL_CONVERSION = YES;
				CLANG_WARN_OBJC_ROOT_CLASS = YES_ERROR;
				CLANG_WARN_QUOTED_INCLUDE_IN_FRAMEWORK_HEADER = YES;
				CLANG_WARN_RANGE_LOOP_ANALYSIS = YES;
				CLANG_WARN_STRICT_PROTOTYPES = YES;
				CLANG_WARN_SUSPICIOUS_MOVE = YES;
				CLANG_WARN_UNGUARDED_AVAILABILITY = YES_AGGRESSIVE;
				CLANG_WARN_UNREACHABLE_CODE = YES;
				CLANG_WARN__DUPLICATE_METHOD_MATCH = YES;
				COPY_PHASE_STRIP = NO;
				DEBUG_INFORMATION_FORMAT = dwarf;
				ENABLE_STRICT_OBJC_MSGSEND = YES;
				ENABLE_TESTABILITY = YES;
				GCC_C_LANGUAGE_STANDARD = gnu11;
				GCC_DYNAMIC_NO_PIC = NO;
				GCC_NO_COMMON_BLOCKS = YES;
				GCC_OPTIMIZATION_LEVEL = 0;
				GCC_PREPROCESSOR_DEFINITIONS = (
					"DEBUG=1",
					"$(inherited)",
				);
				GCC_WARN_64_TO_32_BIT_CONVERSION = YES;
				GCC_WARN_ABOUT_RETURN_TYPE = YES_ERROR;
				GCC_WARN_UNDECLARED_SELECTOR = YES;
				GCC_WARN_UNINITIALIZED_AUTOS = YES_AGGRESSIVE;
				GCC_WARN_UNUSED_FUNCTION = YES;
				GCC_WARN_UNUSED_VARIABLE = YES;
				IPHONEOS_DEPLOYMENT_TARGET = 15.0;
				MTL_ENABLE_DEBUG_INFO = INCLUDE_SOURCE;
				MTL_FAST_MATH = YES;
				ONLY_ACTIVE_ARCH = YES;
				SDKROOT = iphoneos;
				SWIFT_ACTIVE_COMPILATION_CONDITIONS = DEBUG;
				SWIFT_OPTIMIZATION_LEVEL = "-Onone";
			};
			name = Debug;
		};
		3F2882F227F15B970003F5F7 /* Release */ = {
			isa = XCBuildConfiguration;
			buildSettings = {
				ALWAYS_SEARCH_USER_PATHS = NO;
				CLANG_ANALYZER_NONNULL = YES;
				CLANG_ANALYZER_NUMBER_OBJECT_CONVERSION = YES_AGGRESSIVE;
				CLANG_CXX_LANGUAGE_STANDARD = "gnu++17";
				CLANG_CXX_LIBRARY = "libc++";
				CLANG_ENABLE_MODULES = YES;
				CLANG_ENABLE_OBJC_ARC = YES;
				CLANG_ENABLE_OBJC_WEAK = YES;
				CLANG_WARN_BLOCK_CAPTURE_AUTORELEASING = YES;
				CLANG_WARN_BOOL_CONVERSION = YES;
				CLANG_WARN_COMMA = YES;
				CLANG_WARN_CONSTANT_CONVERSION = YES;
				CLANG_WARN_DEPRECATED_OBJC_IMPLEMENTATIONS = YES;
				CLANG_WARN_DIRECT_OBJC_ISA_USAGE = YES_ERROR;
				CLANG_WARN_DOCUMENTATION_COMMENTS = YES;
				CLANG_WARN_EMPTY_BODY = YES;
				CLANG_WARN_ENUM_CONVERSION = YES;
				CLANG_WARN_INFINITE_RECURSION = YES;
				CLANG_WARN_INT_CONVERSION = YES;
				CLANG_WARN_NON_LITERAL_NULL_CONVERSION = YES;
				CLANG_WARN_OBJC_IMPLICIT_RETAIN_SELF = YES;
				CLANG_WARN_OBJC_LITERAL_CONVERSION = YES;
				CLANG_WARN_OBJC_ROOT_CLASS = YES_ERROR;
				CLANG_WARN_QUOTED_INCLUDE_IN_FRAMEWORK_HEADER = YES;
				CLANG_WARN_RANGE_LOOP_ANALYSIS = YES;
				CLANG_WARN_STRICT_PROTOTYPES = YES;
				CLANG_WARN_SUSPICIOUS_MOVE = YES;
				CLANG_WARN_UNGUARDED_AVAILABILITY = YES_AGGRESSIVE;
				CLANG_WARN_UNREACHABLE_CODE = YES;
				CLANG_WARN__DUPLICATE_METHOD_MATCH = YES;
				COPY_PHASE_STRIP = NO;
				DEBUG_INFORMATION_FORMAT = "dwarf-with-dsym";
				ENABLE_NS_ASSERTIONS = NO;
				ENABLE_STRICT_OBJC_MSGSEND = YES;
				GCC_C_LANGUAGE_STANDARD = gnu11;
				GCC_NO_COMMON_BLOCKS = YES;
				GCC_WARN_64_TO_32_BIT_CONVERSION = YES;
				GCC_WARN_ABOUT_RETURN_TYPE = YES_ERROR;
				GCC_WARN_UNDECLARED_SELECTOR = YES;
				GCC_WARN_UNINITIALIZED_AUTOS = YES_AGGRESSIVE;
				GCC_WARN_UNUSED_FUNCTION = YES;
				GCC_WARN_UNUSED_VARIABLE = YES;
				IPHONEOS_DEPLOYMENT_TARGET = 15.0;
				MTL_ENABLE_DEBUG_INFO = NO;
				MTL_FAST_MATH = YES;
				SDKROOT = iphoneos;
				SWIFT_COMPILATION_MODE = wholemodule;
				SWIFT_OPTIMIZATION_LEVEL = "-O";
				VALIDATE_PRODUCT = YES;
			};
			name = Release;
		};
		3F2882F427F15B970003F5F7 /* Debug */ = {
			isa = XCBuildConfiguration;
			buildSettings = {
				ASSETCATALOG_COMPILER_APPICON_NAME = AppIcon;
				ASSETCATALOG_COMPILER_GLOBAL_ACCENT_COLOR_NAME = AccentColor;
				CODE_SIGN_STYLE = Automatic;
				CURRENT_PROJECT_VERSION = 1;
				DEVELOPMENT_TEAM = 6H2ZQFKHC2;
				GENERATE_INFOPLIST_FILE = YES;
				INFOPLIST_FILE = Bankey/Info.plist;
				INFOPLIST_KEY_UIApplicationSupportsIndirectInputEvents = YES;
				INFOPLIST_KEY_UILaunchStoryboardName = LaunchScreen;
				INFOPLIST_KEY_UISupportedInterfaceOrientations_iPad = "UIInterfaceOrientationPortrait UIInterfaceOrientationPortraitUpsideDown UIInterfaceOrientationLandscapeLeft UIInterfaceOrientationLandscapeRight";
				INFOPLIST_KEY_UISupportedInterfaceOrientations_iPhone = "UIInterfaceOrientationPortrait UIInterfaceOrientationLandscapeLeft UIInterfaceOrientationLandscapeRight";
				LD_RUNPATH_SEARCH_PATHS = (
					"$(inherited)",
					"@executable_path/Frameworks",
				);
				MARKETING_VERSION = 1.0;
				PRODUCT_BUNDLE_IDENTIFIER = com.davidviloria.Bankey;
				PRODUCT_NAME = "$(TARGET_NAME)";
				SWIFT_EMIT_LOC_STRINGS = YES;
				SWIFT_VERSION = 5.0;
				TARGETED_DEVICE_FAMILY = "1,2";
			};
			name = Debug;
		};
		3F2882F527F15B970003F5F7 /* Release */ = {
			isa = XCBuildConfiguration;
			buildSettings = {
				ASSETCATALOG_COMPILER_APPICON_NAME = AppIcon;
				ASSETCATALOG_COMPILER_GLOBAL_ACCENT_COLOR_NAME = AccentColor;
				CODE_SIGN_STYLE = Automatic;
				CURRENT_PROJECT_VERSION = 1;
				DEVELOPMENT_TEAM = 6H2ZQFKHC2;
				GENERATE_INFOPLIST_FILE = YES;
				INFOPLIST_FILE = Bankey/Info.plist;
				INFOPLIST_KEY_UIApplicationSupportsIndirectInputEvents = YES;
				INFOPLIST_KEY_UILaunchStoryboardName = LaunchScreen;
				INFOPLIST_KEY_UISupportedInterfaceOrientations_iPad = "UIInterfaceOrientationPortrait UIInterfaceOrientationPortraitUpsideDown UIInterfaceOrientationLandscapeLeft UIInterfaceOrientationLandscapeRight";
				INFOPLIST_KEY_UISupportedInterfaceOrientations_iPhone = "UIInterfaceOrientationPortrait UIInterfaceOrientationLandscapeLeft UIInterfaceOrientationLandscapeRight";
				LD_RUNPATH_SEARCH_PATHS = (
					"$(inherited)",
					"@executable_path/Frameworks",
				);
				MARKETING_VERSION = 1.0;
				PRODUCT_BUNDLE_IDENTIFIER = com.davidviloria.Bankey;
				PRODUCT_NAME = "$(TARGET_NAME)";
				SWIFT_EMIT_LOC_STRINGS = YES;
				SWIFT_VERSION = 5.0;
				TARGETED_DEVICE_FAMILY = "1,2";
			};
			name = Release;
		};
/* End XCBuildConfiguration section */

/* Begin XCConfigurationList section */
		3F2882DA27F15B950003F5F7 /* Build configuration list for PBXProject "Bankey" */ = {
			isa = XCConfigurationList;
			buildConfigurations = (
				3F2882F127F15B970003F5F7 /* Debug */,
				3F2882F227F15B970003F5F7 /* Release */,
			);
			defaultConfigurationIsVisible = 0;
			defaultConfigurationName = Release;
		};
		3F2882F327F15B970003F5F7 /* Build configuration list for PBXNativeTarget "Bankey" */ = {
			isa = XCConfigurationList;
			buildConfigurations = (
				3F2882F427F15B970003F5F7 /* Debug */,
				3F2882F527F15B970003F5F7 /* Release */,
			);
			defaultConfigurationIsVisible = 0;
			defaultConfigurationName = Release;
		};
/* End XCConfigurationList section */
	};
	rootObject = 3F2882D727F15B950003F5F7 /* Project object */;
}
